
Microsoft Visual Studio Solution File, Format Version 12.00
# Visual Studio Version 16
VisualStudioVersion = 16.0.30523.141
MinimumVisualStudioVersion = 10.0.40219.1
Project("{00D1A9C2-B5F0-4AF3-8072-F6C62B433612}") = "PO_WH_Azure_SQL_DB", "PO_WH_Azure_SQL_DB\PO_WH_Azure_SQL_DB.sqlproj", "{60A6A138-6E00-495A-9884-B453A04EF90D}"
EndProject
Global
	GlobalSection(SolutionConfigurationPlatforms) = preSolution
		Debug|Any CPU = Debug|Any CPU
		Release|Any CPU = Release|Any CPU
	EndGlobalSection
	GlobalSection(ProjectConfigurationPlatforms) = postSolution
		{60A6A138-6E00-495A-9884-B453A04EF90D}.Debug|Any CPU.ActiveCfg = Debug|Any CPU
		{60A6A138-6E00-495A-9884-B453A04EF90D}.Debug|Any CPU.Build.0 = Debug|Any CPU
		{60A6A138-6E00-495A-9884-B453A04EF90D}.Debug|Any CPU.Deploy.0 = Debug|Any CPU
		{60A6A138-6E00-495A-9884-B453A04EF90D}.Release|Any CPU.ActiveCfg = Release|Any CPU
		{60A6A138-6E00-495A-9884-B453A04EF90D}.Release|Any CPU.Build.0 = Release|Any CPU
		{60A6A138-6E00-495A-9884-B453A04EF90D}.Release|Any CPU.Deploy.0 = Release|Any CPU
	EndGlobalSection
	GlobalSection(SolutionProperties) = preSolution
		HideSolutionNode = FALSE
	EndGlobalSection
	GlobalSection(ExtensibilityGlobals) = postSolution
		SolutionGuid = {7844BF3A-F22D-4ABD-B93A-4C3CEB880521}
	EndGlobalSection
EndGlobal
